
Microsoft Visual Studio Solution File, Format Version 12.00
# Visual Studio Version 17
VisualStudioVersion = 17.7.34024.191
MinimumVisualStudioVersion = 10.0.40219.1
Project("{FAE04EC0-301F-11D3-BF4B-00C04F79EFBC}") = "Infrastructure.Microservice.Domain", "Infrastructure.Microservice.Domain.csproj", "{EA386653-8DE2-4CAF-BFEB-27CC0B415793}"
EndProject
Project("{FAE04EC0-301F-11D3-BF4B-00C04F79EFBC}") = "Infrastructure.Microservice.APP", "..\Infrastructure.Microservice.APP\Infrastructure.Microservice.APP.csproj", "{D8761212-CB97-4EC2-9E50-CDDF3393F58D}"
EndProject
Project("{FAE04EC0-301F-11D3-BF4B-00C04F79EFBC}") = "Infrastructure.Microservice.Infrastructure", "..\Infrastructure.Microservice.Infrastructure\Infrastructure.Microservice.Infrastructure.csproj", "{36887A9D-057C-4F88-9544-A28F0652E0BD}"
EndProject
Project("{FAE04EC0-301F-11D3-BF4B-00C04F79EFBC}") = "Infrastructure.Microservice.API", "..\Infrastructure.Microservice.API\Infrastructure.Microservice.API.csproj", "{0F568BB6-0127-4D0D-919E-A35B7788AA08}"
EndProject
Project("{FAE04EC0-301F-11D3-BF4B-00C04F79EFBC}") = "Infrastructure.Microservice.Test", "..\Infrastructure.Microservice.Test\Infrastructure.Microservice.Test.csproj", "{5D5F17D2-0657-46B2-9617-234620CC7F90}"
EndProject
Global
	GlobalSection(SolutionConfigurationPlatforms) = preSolution
		Debug|Any CPU = Debug|Any CPU
		Release|Any CPU = Release|Any CPU
	EndGlobalSection
	GlobalSection(ProjectConfigurationPlatforms) = postSolution
		{EA386653-8DE2-4CAF-BFEB-27CC0B415793}.Debug|Any CPU.ActiveCfg = Debug|Any CPU
		{EA386653-8DE2-4CAF-BFEB-27CC0B415793}.Debug|Any CPU.Build.0 = Debug|Any CPU
		{EA386653-8DE2-4CAF-BFEB-27CC0B415793}.Release|Any CPU.ActiveCfg = Release|Any CPU
		{EA386653-8DE2-4CAF-BFEB-27CC0B415793}.Release|Any CPU.Build.0 = Release|Any CPU
		{D8761212-CB97-4EC2-9E50-CDDF3393F58D}.Debug|Any CPU.ActiveCfg = Debug|Any CPU
		{D8761212-CB97-4EC2-9E50-CDDF3393F58D}.Debug|Any CPU.Build.0 = Debug|Any CPU
		{D8761212-CB97-4EC2-9E50-CDDF3393F58D}.Release|Any CPU.ActiveCfg = Release|Any CPU
		{D8761212-CB97-4EC2-9E50-CDDF3393F58D}.Release|Any CPU.Build.0 = Release|Any CPU
		{36887A9D-057C-4F88-9544-A28F0652E0BD}.Debug|Any CPU.ActiveCfg = Debug|Any CPU
		{36887A9D-057C-4F88-9544-A28F0652E0BD}.Debug|Any CPU.Build.0 = Debug|Any CPU
		{36887A9D-057C-4F88-9544-A28F0652E0BD}.Release|Any CPU.ActiveCfg = Release|Any CPU
		{36887A9D-057C-4F88-9544-A28F0652E0BD}.Release|Any CPU.Build.0 = Release|Any CPU
		{0F568BB6-0127-4D0D-919E-A35B7788AA08}.Debug|Any CPU.ActiveCfg = Debug|Any CPU
		{0F568BB6-0127-4D0D-919E-A35B7788AA08}.Debug|Any CPU.Build.0 = Debug|Any CPU
		{0F568BB6-0127-4D0D-919E-A35B7788AA08}.Release|Any CPU.ActiveCfg = Release|Any CPU
		{0F568BB6-0127-4D0D-919E-A35B7788AA08}.Release|Any CPU.Build.0 = Release|Any CPU
		{5D5F17D2-0657-46B2-9617-234620CC7F90}.Debug|Any CPU.ActiveCfg = Debug|Any CPU
		{5D5F17D2-0657-46B2-9617-234620CC7F90}.Debug|Any CPU.Build.0 = Debug|Any CPU
		{5D5F17D2-0657-46B2-9617-234620CC7F90}.Release|Any CPU.ActiveCfg = Release|Any CPU
		{5D5F17D2-0657-46B2-9617-234620CC7F90}.Release|Any CPU.Build.0 = Release|Any CPU
	EndGlobalSection
	GlobalSection(SolutionProperties) = preSolution
		HideSolutionNode = FALSE
	EndGlobalSection
	GlobalSection(ExtensibilityGlobals) = postSolution
		SolutionGuid = {FF8E8825-EB3C-407F-883D-890A624F9BDE}
	EndGlobalSection
EndGlobal
